// !$*UTF8*$!
{
	archiveVersion = 1;
	classes = {
	};
	objectVersion = 46;
	objects = {

/* Begin PBXBuildFile section */
		6C1107AB1944ACA400CACA25 /* Foundation.framework in Frameworks */ = {isa = PBXBuildFile; fileRef = 6C1107AA1944ACA400CACA25 /* Foundation.framework */; };
		6C1107AD1944ACA400CACA25 /* CoreGraphics.framework in Frameworks */ = {isa = PBXBuildFile; fileRef = 6C1107AC1944ACA400CACA25 /* CoreGraphics.framework */; };
		6C1107AF1944ACA400CACA25 /* UIKit.framework in Frameworks */ = {isa = PBXBuildFile; fileRef = 6C1107AE1944ACA400CACA25 /* UIKit.framework */; };
		6C1107B51944ACA400CACA25 /* InfoPlist.strings in Resources */ = {isa = PBXBuildFile; fileRef = 6C1107B31944ACA400CACA25 /* InfoPlist.strings */; };
		6C1107B71944ACA400CACA25 /* main.m in Sources */ = {isa = PBXBuildFile; fileRef = 6C1107B61944ACA400CACA25 /* main.m */; };
		6C1107BB1944ACA400CACA25 /* AppDelegate.m in Sources */ = {isa = PBXBuildFile; fileRef = 6C1107BA1944ACA400CACA25 /* AppDelegate.m */; };
		6C1107BD1944ACA400CACA25 /* Images.xcassets in Resources */ = {isa = PBXBuildFile; fileRef = 6C1107BC1944ACA400CACA25 /* Images.xcassets */; };
		6C1107C41944ACA400CACA25 /* XCTest.framework in Frameworks */ = {isa = PBXBuildFile; fileRef = 6C1107C31944ACA400CACA25 /* XCTest.framework */; };
		6C1107C51944ACA400CACA25 /* Foundation.framework in Frameworks */ = {isa = PBXBuildFile; fileRef = 6C1107AA1944ACA400CACA25 /* Foundation.framework */; };
		6C1107C61944ACA400CACA25 /* UIKit.framework in Frameworks */ = {isa = PBXBuildFile; fileRef = 6C1107AE1944ACA400CACA25 /* UIKit.framework */; };
		6C1107CE1944ACA400CACA25 /* InfoPlist.strings in Resources */ = {isa = PBXBuildFile; fileRef = 6C1107CC1944ACA400CACA25 /* InfoPlist.strings */; };
		6C1107D01944ACA400CACA25 /* homeWork2Tests.m in Sources */ = {isa = PBXBuildFile; fileRef = 6C1107CF1944ACA400CACA25 /* homeWork2Tests.m */; };
		6C1107E11944B0BD00CACA25 /* HomeViewController.m in Sources */ = {isa = PBXBuildFile; fileRef = 6C1107DF1944B0BD00CACA25 /* HomeViewController.m */; };
		6C1107E21944B0BD00CACA25 /* HomeViewController.xib in Resources */ = {isa = PBXBuildFile; fileRef = 6C1107E01944B0BD00CACA25 /* HomeViewController.xib */; };
/* End PBXBuildFile section */

/* Begin PBXContainerItemProxy section */
		6C1107C71944ACA400CACA25 /* PBXContainerItemProxy */ = {
			isa = PBXContainerItemProxy;
			containerPortal = 6C11079F1944ACA400CACA25 /* Project object */;
			proxyType = 1;
			remoteGlobalIDString = 6C1107A61944ACA400CACA25;
			remoteInfo = homeWork2;
		};
/* End PBXContainerItemProxy section */

/* Begin PBXFileReference section */
		6C1107A71944ACA400CACA25 /* homeWork2.app */ = {isa = PBXFileReference; explicitFileType = wrapper.application; includeInIndex = 0; path = homeWork2.app; sourceTree = BUILT_PRODUCTS_DIR; };
		6C1107AA1944ACA400CACA25 /* Foundation.framework */ = {isa = PBXFileReference; lastKnownFileType = wrapper.framework; name = Foundation.framework; path = System/Library/Frameworks/Foundation.framework; sourceTree = SDKROOT; };
		6C1107AC1944ACA400CACA25 /* CoreGraphics.framework */ = {isa = PBXFileReference; lastKnownFileType = wrapper.framework; name = CoreGraphics.framework; path = System/Library/Frameworks/CoreGraphics.framework; sourceTree = SDKROOT; };
		6C1107AE1944ACA400CACA25 /* UIKit.framework */ = {isa = PBXFileReference; lastKnownFileType = wrapper.framework; name = UIKit.framework; path = System/Library/Frameworks/UIKit.framework; sourceTree = SDKROOT; };
		6C1107B21944ACA400CACA25 /* homeWork2-Info.plist */ = {isa = PBXFileReference; lastKnownFileType = text.plist.xml; path = "homeWork2-Info.plist"; sourceTree = "<group>"; };
		6C1107B41944ACA400CACA25 /* en */ = {isa = PBXFileReference; lastKnownFileType = text.plist.strings; name = en; path = en.lproj/InfoPlist.strings; sourceTree = "<group>"; };
		6C1107B61944ACA400CACA25 /* main.m */ = {isa = PBXFileReference; lastKnownFileType = sourcecode.c.objc; path = main.m; sourceTree = "<group>"; };
		6C1107B81944ACA400CACA25 /* homeWork2-Prefix.pch */ = {isa = PBXFileReference; lastKnownFileType = sourcecode.c.h; path = "homeWork2-Prefix.pch"; sourceTree = "<group>"; };
		6C1107B91944ACA400CACA25 /* AppDelegate.h */ = {isa = PBXFileReference; lastKnownFileType = sourcecode.c.h; path = AppDelegate.h; sourceTree = "<group>"; };
		6C1107BA1944ACA400CACA25 /* AppDelegate.m */ = {isa = PBXFileReference; lastKnownFileType = sourcecode.c.objc; path = AppDelegate.m; sourceTree = "<group>"; };
		6C1107BC1944ACA400CACA25 /* Images.xcassets */ = {isa = PBXFileReference; lastKnownFileType = folder.assetcatalog; path = Images.xcassets; sourceTree = "<group>"; };
		6C1107C21944ACA400CACA25 /* homeWork2Tests.xctest */ = {isa = PBXFileReference; explicitFileType = wrapper.cfbundle; includeInIndex = 0; path = homeWork2Tests.xctest; sourceTree = BUILT_PRODUCTS_DIR; };
		6C1107C31944ACA400CACA25 /* XCTest.framework */ = {isa = PBXFileReference; lastKnownFileType = wrapper.framework; name = XCTest.framework; path = Library/Frameworks/XCTest.framework; sourceTree = DEVELOPER_DIR; };
		6C1107CB1944ACA400CACA25 /* homeWork2Tests-Info.plist */ = {isa = PBXFileReference; lastKnownFileType = text.plist.xml; path = "homeWork2Tests-Info.plist"; sourceTree = "<group>"; };
		6C1107CD1944ACA400CACA25 /* en */ = {isa = PBXFileReference; lastKnownFileType = text.plist.strings; name = en; path = en.lproj/InfoPlist.strings; sourceTree = "<group>"; };
		6C1107CF1944ACA400CACA25 /* homeWork2Tests.m */ = {isa = PBXFileReference; lastKnownFileType = sourcecode.c.objc; path = homeWork2Tests.m; sourceTree = "<group>"; };
		6C1107DE1944B0BD00CACA25 /* HomeViewController.h */ = {isa = PBXFileReference; fileEncoding = 4; lastKnownFileType = sourcecode.c.h; path = HomeViewController.h; sourceTree = "<group>"; };
		6C1107DF1944B0BD00CACA25 /* HomeViewController.m */ = {isa = PBXFileReference; fileEncoding = 4; lastKnownFileType = sourcecode.c.objc; path = HomeViewController.m; sourceTree = "<group>"; };
		6C1107E01944B0BD00CACA25 /* HomeViewController.xib */ = {isa = PBXFileReference; fileEncoding = 4; lastKnownFileType = file.xib; path = HomeViewController.xib; sourceTree = "<group>"; };
/* End PBXFileReference section */

/* Begin PBXFrameworksBuildPhase section */
		6C1107A41944ACA400CACA25 /* Frameworks */ = {
			isa = PBXFrameworksBuildPhase;
			buildActionMask = 2147483647;
			files = (
				6C1107AD1944ACA400CACA25 /* CoreGraphics.framework in Frameworks */,
				6C1107AF1944ACA400CACA25 /* UIKit.framework in Frameworks */,
				6C1107AB1944ACA400CACA25 /* Foundation.framework in Frameworks */,
			);
			runOnlyForDeploymentPostprocessing = 0;
		};
		6C1107BF1944ACA400CACA25 /* Frameworks */ = {
			isa = PBXFrameworksBuildPhase;
			buildActionMask = 2147483647;
			files = (
				6C1107C41944ACA400CACA25 /* XCTest.framework in Frameworks */,
				6C1107C61944ACA400CACA25 /* UIKit.framework in Frameworks */,
				6C1107C51944ACA400CACA25 /* Foundation.framework in Frameworks */,
			);
			runOnlyForDeploymentPostprocessing = 0;
		};
/* End PBXFrameworksBuildPhase section */

/* Begin PBXGroup section */
		6C11079E1944ACA400CACA25 = {
			isa = PBXGroup;
			children = (
				6C1107B01944ACA400CACA25 /* homeWork2 */,
				6C1107C91944ACA400CACA25 /* homeWork2Tests */,
				6C1107A91944ACA400CACA25 /* Frameworks */,
				6C1107A81944ACA400CACA25 /* Products */,
			);
			sourceTree = "<group>";
		};
		6C1107A81944ACA400CACA25 /* Products */ = {
			isa = PBXGroup;
			children = (
				6C1107A71944ACA400CACA25 /* homeWork2.app */,
				6C1107C21944ACA400CACA25 /* homeWork2Tests.xctest */,
			);
			name = Products;
			sourceTree = "<group>";
		};
		6C1107A91944ACA400CACA25 /* Frameworks */ = {
			isa = PBXGroup;
			children = (
				6C1107AA1944ACA400CACA25 /* Foundation.framework */,
				6C1107AC1944ACA400CACA25 /* CoreGraphics.framework */,
				6C1107AE1944ACA400CACA25 /* UIKit.framework */,
				6C1107C31944ACA400CACA25 /* XCTest.framework */,
			);
			name = Frameworks;
			sourceTree = "<group>";
		};
		6C1107B01944ACA400CACA25 /* homeWork2 */ = {
			isa = PBXGroup;
			children = (
				6C1107E31944B11A00CACA25 /* View Controllers */,
				6C1107B91944ACA400CACA25 /* AppDelegate.h */,
				6C1107BA1944ACA400CACA25 /* AppDelegate.m */,
				6C1107BC1944ACA400CACA25 /* Images.xcassets */,
				6C1107B11944ACA400CACA25 /* Supporting Files */,
			);
			path = homeWork2;
			sourceTree = "<group>";
		};
		6C1107B11944ACA400CACA25 /* Supporting Files */ = {
			isa = PBXGroup;
			children = (
				6C1107B21944ACA400CACA25 /* homeWork2-Info.plist */,
				6C1107B31944ACA400CACA25 /* InfoPlist.strings */,
				6C1107B61944ACA400CACA25 /* main.m */,
				6C1107B81944ACA400CACA25 /* homeWork2-Prefix.pch */,
			);
			name = "Supporting Files";
			sourceTree = "<group>";
		};
		6C1107C91944ACA400CACA25 /* homeWork2Tests */ = {
			isa = PBXGroup;
			children = (
				6C1107CF1944ACA400CACA25 /* homeWork2Tests.m */,
				6C1107CA1944ACA400CACA25 /* Supporting Files */,
			);
			path = homeWork2Tests;
			sourceTree = "<group>";
		};
		6C1107CA1944ACA400CACA25 /* Supporting Files */ = {
			isa = PBXGroup;
			children = (
				6C1107CB1944ACA400CACA25 /* homeWork2Tests-Info.plist */,
				6C1107CC1944ACA400CACA25 /* InfoPlist.strings */,
			);
			name = "Supporting Files";
			sourceTree = "<group>";
		};
		6C1107E31944B11A00CACA25 /* View Controllers */ = {
			isa = PBXGroup;
			children = (
				6C1107DE1944B0BD00CACA25 /* HomeViewController.h */,
				6C1107DF1944B0BD00CACA25 /* HomeViewController.m */,
				6C1107E01944B0BD00CACA25 /* HomeViewController.xib */,
			);
			name = "View Controllers";
			sourceTree = "<group>";
		};
/* End PBXGroup section */

/* Begin PBXNativeTarget section */
		6C1107A61944ACA400CACA25 /* homeWork2 */ = {
			isa = PBXNativeTarget;
			buildConfigurationList = 6C1107D31944ACA400CACA25 /* Build configuration list for PBXNativeTarget "homeWork2" */;
			buildPhases = (
				6C1107A31944ACA400CACA25 /* Sources */,
				6C1107A41944ACA400CACA25 /* Frameworks */,
				6C1107A51944ACA400CACA25 /* Resources */,
			);
			buildRules = (
			);
			dependencies = (
			);
			name = homeWork2;
			productName = homeWork2;
			productReference = 6C1107A71944ACA400CACA25 /* homeWork2.app */;
			productType = "com.apple.product-type.application";
		};
		6C1107C11944ACA400CACA25 /* homeWork2Tests */ = {
			isa = PBXNativeTarget;
			buildConfigurationList = 6C1107D61944ACA400CACA25 /* Build configuration list for PBXNativeTarget "homeWork2Tests" */;
			buildPhases = (
				6C1107BE1944ACA400CACA25 /* Sources */,
				6C1107BF1944ACA400CACA25 /* Frameworks */,
				6C1107C01944ACA400CACA25 /* Resources */,
			);
			buildRules = (
			);
			dependencies = (
				6C1107C81944ACA400CACA25 /* PBXTargetDependency */,
			);
			name = homeWork2Tests;
			productName = homeWork2Tests;
			productReference = 6C1107C21944ACA400CACA25 /* homeWork2Tests.xctest */;
			productType = "com.apple.product-type.bundle.unit-test";
		};
/* End PBXNativeTarget section */

/* Begin PBXProject section */
		6C11079F1944ACA400CACA25 /* Project object */ = {
			isa = PBXProject;
			attributes = {
				LastUpgradeCheck = 0510;
				ORGANIZATIONNAME = "Kelly An";
				TargetAttributes = {
					6C1107C11944ACA400CACA25 = {
						TestTargetID = 6C1107A61944ACA400CACA25;
					};
				};
			};
			buildConfigurationList = 6C1107A21944ACA400CACA25 /* Build configuration list for PBXProject "homeWork2" */;
			compatibilityVersion = "Xcode 3.2";
			developmentRegion = English;
			hasScannedForEncodings = 0;
			knownRegions = (
				en,
			);
			mainGroup = 6C11079E1944ACA400CACA25;
			productRefGroup = 6C1107A81944ACA400CACA25 /* Products */;
			projectDirPath = "";
			projectRoot = "";
			targets = (
				6C1107A61944ACA400CACA25 /* homeWork2 */,
				6C1107C11944ACA400CACA25 /* homeWork2Tests */,
			);
		};
/* End PBXProject section */

/* Begin PBXResourcesBuildPhase section */
		6C1107A51944ACA400CACA25 /* Resources */ = {
			isa = PBXResourcesBuildPhase;
			buildActionMask = 2147483647;
			files = (
				6C1107B51944ACA400CACA25 /* InfoPlist.strings in Resources */,
				6C1107BD1944ACA400CACA25 /* Images.xcassets in Resources */,
				6C1107E21944B0BD00CACA25 /* HomeViewController.xib in Resources */,
			);
			runOnlyForDeploymentPostprocessing = 0;
		};
		6C1107C01944ACA400CACA25 /* Resources */ = {
			isa = PBXResourcesBuildPhase;
			buildActionMask = 2147483647;
			files = (
				6C1107CE1944ACA400CACA25 /* InfoPlist.strings in Resources */,
			);
			runOnlyForDeploymentPostprocessing = 0;
		};
/* End PBXResourcesBuildPhase section */

/* Begin PBXSourcesBuildPhase section */
		6C1107A31944ACA400CACA25 /* Sources */ = {
			isa = PBXSourcesBuildPhase;
			buildActionMask = 2147483647;
			files = (
				6C1107BB1944ACA400CACA25 /* AppDelegate.m in Sources */,
				6C1107B71944ACA400CACA25 /* main.m in Sources */,
				6C1107E11944B0BD00CACA25 /* HomeViewController.m in Sources */,
			);
			runOnlyForDeploymentPostprocessing = 0;
		};
		6C1107BE1944ACA400CACA25 /* Sources */ = {
			isa = PBXSourcesBuildPhase;
			buildActionMask = 2147483647;
			files = (
				6C1107D01944ACA400CACA25 /* homeWork2Tests.m in Sources */,
			);
			runOnlyForDeploymentPostprocessing = 0;
		};
/* End PBXSourcesBuildPhase section */

/* Begin PBXTargetDependency section */
		6C1107C81944ACA400CACA25 /* PBXTargetDependency */ = {
			isa = PBXTargetDependency;
			target = 6C1107A61944ACA400CACA25 /* homeWork2 */;
			targetProxy = 6C1107C71944ACA400CACA25 /* PBXContainerItemProxy */;
		};
/* End PBXTargetDependency section */

/* Begin PBXVariantGroup section */
		6C1107B31944ACA400CACA25 /* InfoPlist.strings */ = {
			isa = PBXVariantGroup;
			children = (
				6C1107B41944ACA400CACA25 /* en */,
			);
			name = InfoPlist.strings;
			sourceTree = "<group>";
		};
		6C1107CC1944ACA400CACA25 /* InfoPlist.strings */ = {
			isa = PBXVariantGroup;
			children = (
				6C1107CD1944ACA400CACA25 /* en */,
			);
			name = InfoPlist.strings;
			sourceTree = "<group>";
		};
/* End PBXVariantGroup section */

/* Begin XCBuildConfiguration section */
		6C1107D11944ACA400CACA25 /* Debug */ = {
			isa = XCBuildConfiguration;
			buildSettings = {
				ALWAYS_SEARCH_USER_PATHS = NO;
				CLANG_CXX_LANGUAGE_STANDARD = "gnu++0x";
				CLANG_CXX_LIBRARY = "libc++";
				CLANG_ENABLE_MODULES = YES;
				CLANG_ENABLE_OBJC_ARC = YES;
				CLANG_WARN_BOOL_CONVERSION = YES;
				CLANG_WARN_CONSTANT_CONVERSION = YES;
				CLANG_WARN_DIRECT_OBJC_ISA_USAGE = YES_ERROR;
				CLANG_WARN_EMPTY_BODY = YES;
				CLANG_WARN_ENUM_CONVERSION = YES;
				CLANG_WARN_INT_CONVERSION = YES;
				CLANG_WARN_OBJC_ROOT_CLASS = YES_ERROR;
				CLANG_WARN__DUPLICATE_METHOD_MATCH = YES;
				"CODE_SIGN_IDENTITY[sdk=iphoneos*]" = "iPhone Developer";
				COPY_PHASE_STRIP = NO;
				GCC_C_LANGUAGE_STANDARD = gnu99;
				GCC_DYNAMIC_NO_PIC = NO;
				GCC_OPTIMIZATION_LEVEL = 0;
				GCC_PREPROCESSOR_DEFINITIONS = (
					"DEBUG=1",
					"$(inherited)",
				);
				GCC_SYMBOLS_PRIVATE_EXTERN = NO;
				GCC_WARN_64_TO_32_BIT_CONVERSION = YES;
				GCC_WARN_ABOUT_RETURN_TYPE = YES_ERROR;
				GCC_WARN_UNDECLARED_SELECTOR = YES;
				GCC_WARN_UNINITIALIZED_AUTOS = YES_AGGRESSIVE;
				GCC_WARN_UNUSED_FUNCTION = YES;
				GCC_WARN_UNUSED_VARIABLE = YES;
				IPHONEOS_DEPLOYMENT_TARGET = 7.1;
				ONLY_ACTIVE_ARCH = YES;
				SDKROOT = iphoneos;
				TARGETED_DEVICE_FAMILY = "1,2";
			};
			name = Debug;
		};
		6C1107D21944ACA400CACA25 /* Release */ = {
			isa = XCBuildConfiguration;
			buildSettings = {
				ALWAYS_SEARCH_USER_PATHS = NO;
				CLANG_CXX_LANGUAGE_STANDARD = "gnu++0x";
				CLANG_CXX_LIBRARY = "libc++";
				CLANG_ENABLE_MODULES = YES;
				CLANG_ENABLE_OBJC_ARC = YES;
				CLANG_WARN_BOOL_CONVERSION = YES;
				CLANG_WARN_CONSTANT_CONVERSION = YES;
				CLANG_WARN_DIRECT_OBJC_ISA_USAGE = YES_ERROR;
				CLANG_WARN_EMPTY_BODY = YES;
				CLANG_WARN_ENUM_CONVERSION = YES;
				CLANG_WARN_INT_CONVERSION = YES;
				CLANG_WARN_OBJC_ROOT_CLASS = YES_ERROR;
				CLANG_WARN__DUPLICATE_METHOD_MATCH = YES;
				"CODE_SIGN_IDENTITY[sdk=iphoneos*]" = "iPhone Developer";
				COPY_PHASE_STRIP = YES;
				ENABLE_NS_ASSERTIONS = NO;
				GCC_C_LANGUAGE_STANDARD = gnu99;
				GCC_WARN_64_TO_32_BIT_CONVERSION = YES;
				GCC_WARN_ABOUT_RETURN_TYPE = YES_ERROR;
				GCC_WARN_UNDECLARED_SELECTOR = YES;
				GCC_WARN_UNINITIALIZED_AUTOS = YES_AGGRESSIVE;
				GCC_WARN_UNUSED_FUNCTION = YES;
				GCC_WARN_UNUSED_VARIABLE = YES;
				IPHONEOS_DEPLOYMENT_TARGET = 7.1;
				SDKROOT = iphoneos;
				TARGETED_DEVICE_FAMILY = "1,2";
				VALIDATE_PRODUCT = YES;
			};
			name = Release;
		};
		6C1107D41944ACA400CACA25 /* Debug */ = {
			isa = XCBuildConfiguration;
			buildSettings = {
				ASSETCATALOG_COMPILER_APPICON_NAME = AppIcon;
				ASSETCATALOG_COMPILER_LAUNCHIMAGE_NAME = LaunchImage;
				GCC_PRECOMPILE_PREFIX_HEADER = YES;
				GCC_PREFIX_HEADER = "homeWork2/homeWork2-Prefix.pch";
				INFOPLIST_FILE = "homeWork2/homeWork2-Info.plist";
				PRODUCT_NAME = "$(TARGET_NAME)";
				WRAPPER_EXTENSION = app;
			};
			name = Debug;
		};
		6C1107D51944ACA400CACA25 /* Release */ = {
			isa = XCBuildConfiguration;
			buildSettings = {
				ASSETCATALOG_COMPILER_APPICON_NAME = AppIcon;
				ASSETCATALOG_COMPILER_LAUNCHIMAGE_NAME = LaunchImage;
				GCC_PRECOMPILE_PREFIX_HEADER = YES;
				GCC_PREFIX_HEADER = "homeWork2/homeWork2-Prefix.pch";
				INFOPLIST_FILE = "homeWork2/homeWork2-Info.plist";
				PRODUCT_NAME = "$(TARGET_NAME)";
				WRAPPER_EXTENSION = app;
			};
			name = Release;
		};
		6C1107D71944ACA400CACA25 /* Debug */ = {
			isa = XCBuildConfiguration;
			buildSettings = {
				BUNDLE_LOADER = "$(BUILT_PRODUCTS_DIR)/homeWork2.app/homeWork2";
				FRAMEWORK_SEARCH_PATHS = (
					"$(SDKROOT)/Developer/Library/Frameworks",
					"$(inherited)",
					"$(DEVELOPER_FRAMEWORKS_DIR)",
				);
				GCC_PRECOMPILE_PREFIX_HEADER = YES;
				GCC_PREFIX_HEADER = "homeWork2/homeWork2-Prefix.pch";
				GCC_PREPROCESSOR_DEFINITIONS = (
					"DEBUG=1",
					"$(inherited)",
				);
				INFOPLIST_FILE = "homeWork2Tests/homeWork2Tests-Info.plist";
				PRODUCT_NAME = "$(TARGET_NAME)";
				TEST_HOST = "$(BUNDLE_LOADER)";
				WRAPPER_EXTENSION = xctest;
			};
			name = Debug;
		};
		6C1107D81944ACA400CACA25 /* Release */ = {
			isa = XCBuildConfiguration;
			buildSettings = {
				BUNDLE_LOADER = "$(BUILT_PRODUCTS_DIR)/homeWork2.app/homeWork2";
				FRAMEWORK_SEARCH_PATHS = (
					"$(SDKROOT)/Developer/Library/Frameworks",
					"$(inherited)",
					"$(DEVELOPER_FRAMEWORKS_DIR)",
				);
				GCC_PRECOMPILE_PREFIX_HEADER = YES;
				GCC_PREFIX_HEADER = "homeWork2/homeWork2-Prefix.pch";
				INFOPLIST_FILE = "homeWork2Tests/homeWork2Tests-Info.plist";
				PRODUCT_NAME = "$(TARGET_NAME)";
				TEST_HOST = "$(BUNDLE_LOADER)";
				WRAPPER_EXTENSION = xctest;
			};
			name = Release;
		};
/* End XCBuildConfiguration section */

/* Begin XCConfigurationList section */
		6C1107A21944ACA400CACA25 /* Build configuration list for PBXProject "homeWork2" */ = {
			isa = XCConfigurationList;
			buildConfigurations = (
				6C1107D11944ACA400CACA25 /* Debug */,
				6C1107D21944ACA400CACA25 /* Release */,
			);
			defaultConfigurationIsVisible = 0;
			defaultConfigurationName = Release;
		};
		6C1107D31944ACA400CACA25 /* Build configuration list for PBXNativeTarget "homeWork2" */ = {
			isa = XCConfigurationList;
			buildConfigurations = (
				6C1107D41944ACA400CACA25 /* Debug */,
				6C1107D51944ACA400CACA25 /* Release */,
			);
			defaultConfigurationIsVisible = 0;
		};
		6C1107D61944ACA400CACA25 /* Build configuration list for PBXNativeTarget "homeWork2Tests" */ = {
			isa = XCConfigurationList;
			buildConfigurations = (
				6C1107D71944ACA400CACA25 /* Debug */,
				6C1107D81944ACA400CACA25 /* Release */,
			);
			defaultConfigurationIsVisible = 0;
		};
/* End XCConfigurationList section */
	};
	rootObject = 6C11079F1944ACA400CACA25 /* Project object */;
}
